
Microsoft Visual Studio Solution File, Format Version 12.00
# Visual Studio Version 17
VisualStudioVersion = 17.11.35327.3
MinimumVisualStudioVersion = 10.0.40219.1
Project("{F184B08F-C81C-45F6-A57F-5ABD9991F28F}") = "BILLING", "BILLING\BILLING.vbproj", "{2EB861F8-14C9-4844-A4C5-AC14F16E3BD4}"
EndProject
Global
	GlobalSection(SolutionConfigurationPlatforms) = preSolution
		Debug|Any CPU = Debug|Any CPU
		Release|Any CPU = Release|Any CPU
	EndGlobalSection
	GlobalSection(ProjectConfigurationPlatforms) = postSolution
		{2EB861F8-14C9-4844-A4C5-AC14F16E3BD4}.Debug|Any CPU.ActiveCfg = Debug|Any CPU
		{2EB861F8-14C9-4844-A4C5-AC14F16E3BD4}.Debug|Any CPU.Build.0 = Debug|Any CPU
		{2EB861F8-14C9-4844-A4C5-AC14F16E3BD4}.Release|Any CPU.ActiveCfg = Release|Any CPU
		{2EB861F8-14C9-4844-A4C5-AC14F16E3BD4}.Release|Any CPU.Build.0 = Release|Any CPU
	EndGlobalSection
	GlobalSection(SolutionProperties) = preSolution
		HideSolutionNode = FALSE
	EndGlobalSection
	GlobalSection(ExtensibilityGlobals) = postSolution
		SolutionGuid = {7BAC8CA3-6C86-495F-A40C-C2A9AB7B7F78}
	EndGlobalSection
EndGlobal
